
Microsoft Visual Studio Solution File, Format Version 12.00
# Visual Studio 2013
VisualStudioVersion = 12.0.31101.0
MinimumVisualStudioVersion = 10.0.40219.1
Project("{FAE04EC0-301F-11D3-BF4B-00C04F79EFBC}") = "SportsStore.Domain", "SportsStore.Domain\SportsStore.Domain.csproj", "{264CA6E5-6A85-41A3-9205-9069D1400801}"
EndProject
Project("{FAE04EC0-301F-11D3-BF4B-00C04F79EFBC}") = "Sports.Store.WebUI", "Sports.Store.WebUI\Sports.Store.WebUI.csproj", "{C4377B63-34D6-4E86-BA6A-A014FD65C16C}"
EndProject
Project("{FAE04EC0-301F-11D3-BF4B-00C04F79EFBC}") = "Sports.Store.UnitTests", "Sports.Store.UnitTests\Sports.Store.UnitTests.csproj", "{18AFCF25-304F-4C58-95A3-62FEB004A7DE}"
EndProject
Global
	GlobalSection(SolutionConfigurationPlatforms) = preSolution
		Debug|Any CPU = Debug|Any CPU
		Release|Any CPU = Release|Any CPU
	EndGlobalSection
	GlobalSection(ProjectConfigurationPlatforms) = postSolution
		{264CA6E5-6A85-41A3-9205-9069D1400801}.Debug|Any CPU.ActiveCfg = Debug|Any CPU
		{264CA6E5-6A85-41A3-9205-9069D1400801}.Debug|Any CPU.Build.0 = Debug|Any CPU
		{264CA6E5-6A85-41A3-9205-9069D1400801}.Release|Any CPU.ActiveCfg = Release|Any CPU
		{264CA6E5-6A85-41A3-9205-9069D1400801}.Release|Any CPU.Build.0 = Release|Any CPU
		{C4377B63-34D6-4E86-BA6A-A014FD65C16C}.Debug|Any CPU.ActiveCfg = Debug|Any CPU
		{C4377B63-34D6-4E86-BA6A-A014FD65C16C}.Debug|Any CPU.Build.0 = Debug|Any CPU
		{C4377B63-34D6-4E86-BA6A-A014FD65C16C}.Release|Any CPU.ActiveCfg = Release|Any CPU
		{C4377B63-34D6-4E86-BA6A-A014FD65C16C}.Release|Any CPU.Build.0 = Release|Any CPU
		{18AFCF25-304F-4C58-95A3-62FEB004A7DE}.Debug|Any CPU.ActiveCfg = Debug|Any CPU
		{18AFCF25-304F-4C58-95A3-62FEB004A7DE}.Debug|Any CPU.Build.0 = Debug|Any CPU
		{18AFCF25-304F-4C58-95A3-62FEB004A7DE}.Release|Any CPU.ActiveCfg = Release|Any CPU
		{18AFCF25-304F-4C58-95A3-62FEB004A7DE}.Release|Any CPU.Build.0 = Release|Any CPU
	EndGlobalSection
	GlobalSection(SolutionProperties) = preSolution
		HideSolutionNode = FALSE
	EndGlobalSection
EndGlobal
